
Microsoft Visual Studio Solution File, Format Version 12.00
# Visual Studio 2013
VisualStudioVersion = 12.0.40629.0
MinimumVisualStudioVersion = 10.0.40219.1
Project("{8BC9CEB8-8B4A-11D0-8D11-00A0C91BC942}") = "cximage_dll", "..\third_party\cximage_dll\cximage_dll.vcxproj", "{D53CB0F5-7DBE-4780-93D6-B64C2F220822}"
	ProjectSection(ProjectDependencies) = postProject
		{FCA05400-6B72-4CDD-A30B-DB724229DD28} = {FCA05400-6B72-4CDD-A30B-DB724229DD28}
		{409EB11D-2491-48A6-92C7-9C15ADBC2DFD} = {409EB11D-2491-48A6-92C7-9C15ADBC2DFD}
		{A4379A39-2CE1-4DA5-9C10-D9AE07A8477B} = {A4379A39-2CE1-4DA5-9C10-D9AE07A8477B}
		{49D3C74D-3702-4D4D-B63A-A485D4E7B412} = {49D3C74D-3702-4D4D-B63A-A485D4E7B412}
		{1101336B-888D-47A7-87A1-16C441335EF5} = {1101336B-888D-47A7-87A1-16C441335EF5}
		{1A385D89-0EE5-4264-8DE2-D74515101089} = {1A385D89-0EE5-4264-8DE2-D74515101089}
		{BD1D83B3-D93A-4608-AD25-5E76017DC3C6} = {BD1D83B3-D93A-4608-AD25-5E76017DC3C6}
		{3E4005CE-D07C-4861-AA87-49FEF335CA28} = {3E4005CE-D07C-4861-AA87-49FEF335CA28}
		{81D3F9D0-11F7-4C15-A2DC-E562182D18FF} = {81D3F9D0-11F7-4C15-A2DC-E562182D18FF}
	EndProjectSection
EndProject
Project("{8BC9CEB8-8B4A-11D0-8D11-00A0C91BC942}") = "zlib_zlib", "..\third_party\zlib_zlib\zlib_zlib.vcxproj", "{FCA05400-6B72-4CDD-A30B-DB724229DD28}"
	ProjectSection(ProjectDependencies) = postProject
		{6676CC2C-606C-4556-A41C-8D2A2EF8401D} = {6676CC2C-606C-4556-A41C-8D2A2EF8401D}
	EndProjectSection
EndProject
Project("{2150E333-8FDC-42A3-9474-1A3956D46DE8}") = "third_party", "third_party", "{C82B4DB8-F8BC-47B6-ACEF-DF0A7F672454}"
EndProject
Project("{2150E333-8FDC-42A3-9474-1A3956D46DE8}") = "test", "test", "{6354828F-FBF9-41D3-9D48-E5BA7956B441}"
EndProject
Project("{2150E333-8FDC-42A3-9474-1A3956D46DE8}") = "zlib", "zlib", "{2FE904D4-46A0-459A-8EAE-0D808822C2BF}"
EndProject
Project("{8BC9CEB8-8B4A-11D0-8D11-00A0C91BC942}") = "config_zlib_include", "..\third_party\config_zlib_include\config_zlib_include.vcxproj", "{6676CC2C-606C-4556-A41C-8D2A2EF8401D}"
EndProject
Project("{8BC9CEB8-8B4A-11D0-8D11-00A0C91BC942}") = "libpsd_libpsd", "..\third_party\libpsd_libpsd\libpsd_libpsd.vcxproj", "{BD1D83B3-D93A-4608-AD25-5E76017DC3C6}"
	ProjectSection(ProjectDependencies) = postProject
		{6676CC2C-606C-4556-A41C-8D2A2EF8401D} = {6676CC2C-606C-4556-A41C-8D2A2EF8401D}
	EndProjectSection
EndProject
Project("{2150E333-8FDC-42A3-9474-1A3956D46DE8}") = "IJG_jpeg", "IJG_jpeg", "{BC218273-7E68-4FA9-857A-C539995CB73D}"
EndProject
Project("{8BC9CEB8-8B4A-11D0-8D11-00A0C91BC942}") = "config_libjpeg_include", "..\third_party\config_libjpeg_include\config_libjpeg_include.vcxproj", "{2522C83B-8F38-44B4-A07D-59C53B384114}"
EndProject
Project("{8BC9CEB8-8B4A-11D0-8D11-00A0C91BC942}") = "jpeg_libjpeg", "..\third_party\jpeg_libjpeg\jpeg_libjpeg.vcxproj", "{409EB11D-2491-48A6-92C7-9C15ADBC2DFD}"
	ProjectSection(ProjectDependencies) = postProject
		{2522C83B-8F38-44B4-A07D-59C53B384114} = {2522C83B-8F38-44B4-A07D-59C53B384114}
	EndProjectSection
EndProject
Project("{8BC9CEB8-8B4A-11D0-8D11-00A0C91BC942}") = "mng_libmng", "..\third_party\mng_libmng\mng_libmng.vcxproj", "{81D3F9D0-11F7-4C15-A2DC-E562182D18FF}"
	ProjectSection(ProjectDependencies) = postProject
		{6676CC2C-606C-4556-A41C-8D2A2EF8401D} = {6676CC2C-606C-4556-A41C-8D2A2EF8401D}
		{2522C83B-8F38-44B4-A07D-59C53B384114} = {2522C83B-8F38-44B4-A07D-59C53B384114}
	EndProjectSection
EndProject
Project("{2150E333-8FDC-42A3-9474-1A3956D46DE8}") = "jbigkit", "jbigkit", "{BCF53A00-9864-4504-A76A-590345FCB394}"
EndProject
Project("{8BC9CEB8-8B4A-11D0-8D11-00A0C91BC942}") = "config_jbigkit_include", "..\third_party\config_jbigkit_include\config_jbigkit_include.vcxproj", "{96AAEAED-6F59-41C3-8F67-61CA97AF2E97}"
EndProject
Project("{8BC9CEB8-8B4A-11D0-8D11-00A0C91BC942}") = "jbig_jbigkit", "..\third_party\jbig_jbigkit\jbig_jbigkit.vcxproj", "{1A385D89-0EE5-4264-8DE2-D74515101089}"
	ProjectSection(ProjectDependencies) = postProject
		{96AAEAED-6F59-41C3-8F67-61CA97AF2E97} = {96AAEAED-6F59-41C3-8F67-61CA97AF2E97}
	EndProjectSection
EndProject
Project("{8BC9CEB8-8B4A-11D0-8D11-00A0C91BC942}") = "tiff_tiff", "..\third_party\tiff_tiff\tiff_tiff.vcxproj", "{3E4005CE-D07C-4861-AA87-49FEF335CA28}"
	ProjectSection(ProjectDependencies) = postProject
		{6676CC2C-606C-4556-A41C-8D2A2EF8401D} = {6676CC2C-606C-4556-A41C-8D2A2EF8401D}
		{2522C83B-8F38-44B4-A07D-59C53B384114} = {2522C83B-8F38-44B4-A07D-59C53B384114}
		{96AAEAED-6F59-41C3-8F67-61CA97AF2E97} = {96AAEAED-6F59-41C3-8F67-61CA97AF2E97}
	EndProjectSection
EndProject
Project("{8BC9CEB8-8B4A-11D0-8D11-00A0C91BC942}") = "jasper_jasper", "..\third_party\jasper_jasper\jasper_jasper.vcxproj", "{A4379A39-2CE1-4DA5-9C10-D9AE07A8477B}"
	ProjectSection(ProjectDependencies) = postProject
		{2522C83B-8F38-44B4-A07D-59C53B384114} = {2522C83B-8F38-44B4-A07D-59C53B384114}
	EndProjectSection
EndProject
Project("{8BC9CEB8-8B4A-11D0-8D11-00A0C91BC942}") = "png_libpng", "..\third_party\png_libpng\png_libpng.vcxproj", "{1101336B-888D-47A7-87A1-16C441335EF5}"
	ProjectSection(ProjectDependencies) = postProject
		{6676CC2C-606C-4556-A41C-8D2A2EF8401D} = {6676CC2C-606C-4556-A41C-8D2A2EF8401D}
	EndProjectSection
EndProject
Project("{8BC9CEB8-8B4A-11D0-8D11-00A0C91BC942}") = "libdcr_libdcr", "..\third_party\libdcr_libdcr\libdcr_libdcr.vcxproj", "{49D3C74D-3702-4D4D-B63A-A485D4E7B412}"
EndProject
Global
	GlobalSection(SolutionConfigurationPlatforms) = preSolution
		Debug|Win32 = Debug|Win32
		Debug|x64 = Debug|x64
		Release|Win32 = Release|Win32
		Release|x64 = Release|x64
	EndGlobalSection
	GlobalSection(ProjectConfigurationPlatforms) = postSolution
		{D53CB0F5-7DBE-4780-93D6-B64C2F220822}.Debug|Win32.ActiveCfg = Debug|Win32
		{D53CB0F5-7DBE-4780-93D6-B64C2F220822}.Debug|Win32.Build.0 = Debug|Win32
		{D53CB0F5-7DBE-4780-93D6-B64C2F220822}.Debug|x64.ActiveCfg = Debug|x64
		{D53CB0F5-7DBE-4780-93D6-B64C2F220822}.Debug|x64.Build.0 = Debug|x64
		{D53CB0F5-7DBE-4780-93D6-B64C2F220822}.Release|Win32.ActiveCfg = Release|Win32
		{D53CB0F5-7DBE-4780-93D6-B64C2F220822}.Release|Win32.Build.0 = Release|Win32
		{D53CB0F5-7DBE-4780-93D6-B64C2F220822}.Release|x64.ActiveCfg = Release|x64
		{D53CB0F5-7DBE-4780-93D6-B64C2F220822}.Release|x64.Build.0 = Release|x64
		{FCA05400-6B72-4CDD-A30B-DB724229DD28}.Debug|Win32.ActiveCfg = Debug|Win32
		{FCA05400-6B72-4CDD-A30B-DB724229DD28}.Debug|Win32.Build.0 = Debug|Win32
		{FCA05400-6B72-4CDD-A30B-DB724229DD28}.Debug|x64.ActiveCfg = Debug|x64
		{FCA05400-6B72-4CDD-A30B-DB724229DD28}.Debug|x64.Build.0 = Debug|x64
		{FCA05400-6B72-4CDD-A30B-DB724229DD28}.Release|Win32.ActiveCfg = Release|Win32
		{FCA05400-6B72-4CDD-A30B-DB724229DD28}.Release|Win32.Build.0 = Release|Win32
		{FCA05400-6B72-4CDD-A30B-DB724229DD28}.Release|x64.ActiveCfg = Release|x64
		{FCA05400-6B72-4CDD-A30B-DB724229DD28}.Release|x64.Build.0 = Release|x64
		{6676CC2C-606C-4556-A41C-8D2A2EF8401D}.Debug|Win32.ActiveCfg = Debug|Win32
		{6676CC2C-606C-4556-A41C-8D2A2EF8401D}.Debug|Win32.Build.0 = Debug|Win32
		{6676CC2C-606C-4556-A41C-8D2A2EF8401D}.Debug|x64.ActiveCfg = Debug|x64
		{6676CC2C-606C-4556-A41C-8D2A2EF8401D}.Debug|x64.Build.0 = Debug|x64
		{6676CC2C-606C-4556-A41C-8D2A2EF8401D}.Release|Win32.ActiveCfg = Release|Win32
		{6676CC2C-606C-4556-A41C-8D2A2EF8401D}.Release|Win32.Build.0 = Release|Win32
		{6676CC2C-606C-4556-A41C-8D2A2EF8401D}.Release|x64.ActiveCfg = Release|x64
		{6676CC2C-606C-4556-A41C-8D2A2EF8401D}.Release|x64.Build.0 = Release|x64
		{BD1D83B3-D93A-4608-AD25-5E76017DC3C6}.Debug|Win32.ActiveCfg = Debug|Win32
		{BD1D83B3-D93A-4608-AD25-5E76017DC3C6}.Debug|Win32.Build.0 = Debug|Win32
		{BD1D83B3-D93A-4608-AD25-5E76017DC3C6}.Debug|x64.ActiveCfg = Debug|x64
		{BD1D83B3-D93A-4608-AD25-5E76017DC3C6}.Debug|x64.Build.0 = Debug|x64
		{BD1D83B3-D93A-4608-AD25-5E76017DC3C6}.Release|Win32.ActiveCfg = Release|Win32
		{BD1D83B3-D93A-4608-AD25-5E76017DC3C6}.Release|Win32.Build.0 = Release|Win32
		{BD1D83B3-D93A-4608-AD25-5E76017DC3C6}.Release|x64.ActiveCfg = Release|x64
		{BD1D83B3-D93A-4608-AD25-5E76017DC3C6}.Release|x64.Build.0 = Release|x64
		{2522C83B-8F38-44B4-A07D-59C53B384114}.Debug|Win32.ActiveCfg = Debug|Win32
		{2522C83B-8F38-44B4-A07D-59C53B384114}.Debug|Win32.Build.0 = Debug|Win32
		{2522C83B-8F38-44B4-A07D-59C53B384114}.Debug|x64.ActiveCfg = Debug|x64
		{2522C83B-8F38-44B4-A07D-59C53B384114}.Debug|x64.Build.0 = Debug|x64
		{2522C83B-8F38-44B4-A07D-59C53B384114}.Release|Win32.ActiveCfg = Release|Win32
		{2522C83B-8F38-44B4-A07D-59C53B384114}.Release|Win32.Build.0 = Release|Win32
		{2522C83B-8F38-44B4-A07D-59C53B384114}.Release|x64.ActiveCfg = Release|x64
		{2522C83B-8F38-44B4-A07D-59C53B384114}.Release|x64.Build.0 = Release|x64
		{409EB11D-2491-48A6-92C7-9C15ADBC2DFD}.Debug|Win32.ActiveCfg = Debug|Win32
		{409EB11D-2491-48A6-92C7-9C15ADBC2DFD}.Debug|Win32.Build.0 = Debug|Win32
		{409EB11D-2491-48A6-92C7-9C15ADBC2DFD}.Debug|x64.ActiveCfg = Debug|x64
		{409EB11D-2491-48A6-92C7-9C15ADBC2DFD}.Debug|x64.Build.0 = Debug|x64
		{409EB11D-2491-48A6-92C7-9C15ADBC2DFD}.Release|Win32.ActiveCfg = Release|Win32
		{409EB11D-2491-48A6-92C7-9C15ADBC2DFD}.Release|Win32.Build.0 = Release|Win32
		{409EB11D-2491-48A6-92C7-9C15ADBC2DFD}.Release|x64.ActiveCfg = Release|x64
		{409EB11D-2491-48A6-92C7-9C15ADBC2DFD}.Release|x64.Build.0 = Release|x64
		{81D3F9D0-11F7-4C15-A2DC-E562182D18FF}.Debug|Win32.ActiveCfg = Debug|Win32
		{81D3F9D0-11F7-4C15-A2DC-E562182D18FF}.Debug|Win32.Build.0 = Debug|Win32
		{81D3F9D0-11F7-4C15-A2DC-E562182D18FF}.Debug|x64.ActiveCfg = Debug|x64
		{81D3F9D0-11F7-4C15-A2DC-E562182D18FF}.Debug|x64.Build.0 = Debug|x64
		{81D3F9D0-11F7-4C15-A2DC-E562182D18FF}.Release|Win32.ActiveCfg = Release|Win32
		{81D3F9D0-11F7-4C15-A2DC-E562182D18FF}.Release|Win32.Build.0 = Release|Win32
		{81D3F9D0-11F7-4C15-A2DC-E562182D18FF}.Release|x64.ActiveCfg = Release|x64
		{81D3F9D0-11F7-4C15-A2DC-E562182D18FF}.Release|x64.Build.0 = Release|x64
		{96AAEAED-6F59-41C3-8F67-61CA97AF2E97}.Debug|Win32.ActiveCfg = Debug|Win32
		{96AAEAED-6F59-41C3-8F67-61CA97AF2E97}.Debug|Win32.Build.0 = Debug|Win32
		{96AAEAED-6F59-41C3-8F67-61CA97AF2E97}.Debug|x64.ActiveCfg = Debug|x64
		{96AAEAED-6F59-41C3-8F67-61CA97AF2E97}.Debug|x64.Build.0 = Debug|x64
		{96AAEAED-6F59-41C3-8F67-61CA97AF2E97}.Release|Win32.ActiveCfg = Release|Win32
		{96AAEAED-6F59-41C3-8F67-61CA97AF2E97}.Release|Win32.Build.0 = Release|Win32
		{96AAEAED-6F59-41C3-8F67-61CA97AF2E97}.Release|x64.ActiveCfg = Release|x64
		{96AAEAED-6F59-41C3-8F67-61CA97AF2E97}.Release|x64.Build.0 = Release|x64
		{1A385D89-0EE5-4264-8DE2-D74515101089}.Debug|Win32.ActiveCfg = Debug|Win32
		{1A385D89-0EE5-4264-8DE2-D74515101089}.Debug|Win32.Build.0 = Debug|Win32
		{1A385D89-0EE5-4264-8DE2-D74515101089}.Debug|x64.ActiveCfg = Debug|x64
		{1A385D89-0EE5-4264-8DE2-D74515101089}.Debug|x64.Build.0 = Debug|x64
		{1A385D89-0EE5-4264-8DE2-D74515101089}.Release|Win32.ActiveCfg = Release|Win32
		{1A385D89-0EE5-4264-8DE2-D74515101089}.Release|Win32.Build.0 = Release|Win32
		{1A385D89-0EE5-4264-8DE2-D74515101089}.Release|x64.ActiveCfg = Release|x64
		{1A385D89-0EE5-4264-8DE2-D74515101089}.Release|x64.Build.0 = Release|x64
		{3E4005CE-D07C-4861-AA87-49FEF335CA28}.Debug|Win32.ActiveCfg = Debug|Win32
		{3E4005CE-D07C-4861-AA87-49FEF335CA28}.Debug|Win32.Build.0 = Debug|Win32
		{3E4005CE-D07C-4861-AA87-49FEF335CA28}.Debug|x64.ActiveCfg = Debug|x64
		{3E4005CE-D07C-4861-AA87-49FEF335CA28}.Debug|x64.Build.0 = Debug|x64
		{3E4005CE-D07C-4861-AA87-49FEF335CA28}.Release|Win32.ActiveCfg = Release|Win32
		{3E4005CE-D07C-4861-AA87-49FEF335CA28}.Release|Win32.Build.0 = Release|Win32
		{3E4005CE-D07C-4861-AA87-49FEF335CA28}.Release|x64.ActiveCfg = Release|x64
		{3E4005CE-D07C-4861-AA87-49FEF335CA28}.Release|x64.Build.0 = Release|x64
		{A4379A39-2CE1-4DA5-9C10-D9AE07A8477B}.Debug|Win32.ActiveCfg = Debug|Win32
		{A4379A39-2CE1-4DA5-9C10-D9AE07A8477B}.Debug|Win32.Build.0 = Debug|Win32
		{A4379A39-2CE1-4DA5-9C10-D9AE07A8477B}.Debug|x64.ActiveCfg = Debug|x64
		{A4379A39-2CE1-4DA5-9C10-D9AE07A8477B}.Debug|x64.Build.0 = Debug|x64
		{A4379A39-2CE1-4DA5-9C10-D9AE07A8477B}.Release|Win32.ActiveCfg = Release|Win32
		{A4379A39-2CE1-4DA5-9C10-D9AE07A8477B}.Release|Win32.Build.0 = Release|Win32
		{A4379A39-2CE1-4DA5-9C10-D9AE07A8477B}.Release|x64.ActiveCfg = Release|x64
		{A4379A39-2CE1-4DA5-9C10-D9AE07A8477B}.Release|x64.Build.0 = Release|x64
		{1101336B-888D-47A7-87A1-16C441335EF5}.Debug|Win32.ActiveCfg = Debug|Win32
		{1101336B-888D-47A7-87A1-16C441335EF5}.Debug|Win32.Build.0 = Debug|Win32
		{1101336B-888D-47A7-87A1-16C441335EF5}.Debug|x64.ActiveCfg = Debug|x64
		{1101336B-888D-47A7-87A1-16C441335EF5}.Debug|x64.Build.0 = Debug|x64
		{1101336B-888D-47A7-87A1-16C441335EF5}.Release|Win32.ActiveCfg = Release|Win32
		{1101336B-888D-47A7-87A1-16C441335EF5}.Release|Win32.Build.0 = Release|Win32
		{1101336B-888D-47A7-87A1-16C441335EF5}.Release|x64.ActiveCfg = Release|x64
		{1101336B-888D-47A7-87A1-16C441335EF5}.Release|x64.Build.0 = Release|x64
		{49D3C74D-3702-4D4D-B63A-A485D4E7B412}.Debug|Win32.ActiveCfg = Debug|Win32
		{49D3C74D-3702-4D4D-B63A-A485D4E7B412}.Debug|Win32.Build.0 = Debug|Win32
		{49D3C74D-3702-4D4D-B63A-A485D4E7B412}.Debug|x64.ActiveCfg = Debug|x64
		{49D3C74D-3702-4D4D-B63A-A485D4E7B412}.Debug|x64.Build.0 = Debug|x64
		{49D3C74D-3702-4D4D-B63A-A485D4E7B412}.Release|Win32.ActiveCfg = Release|Win32
		{49D3C74D-3702-4D4D-B63A-A485D4E7B412}.Release|Win32.Build.0 = Release|Win32
		{49D3C74D-3702-4D4D-B63A-A485D4E7B412}.Release|x64.ActiveCfg = Release|x64
		{49D3C74D-3702-4D4D-B63A-A485D4E7B412}.Release|x64.Build.0 = Release|x64
	EndGlobalSection
	GlobalSection(SolutionProperties) = preSolution
		HideSolutionNode = FALSE
	EndGlobalSection
	GlobalSection(NestedProjects) = preSolution
		{D53CB0F5-7DBE-4780-93D6-B64C2F220822} = {C82B4DB8-F8BC-47B6-ACEF-DF0A7F672454}
		{FCA05400-6B72-4CDD-A30B-DB724229DD28} = {2FE904D4-46A0-459A-8EAE-0D808822C2BF}
		{2FE904D4-46A0-459A-8EAE-0D808822C2BF} = {C82B4DB8-F8BC-47B6-ACEF-DF0A7F672454}
		{6676CC2C-606C-4556-A41C-8D2A2EF8401D} = {2FE904D4-46A0-459A-8EAE-0D808822C2BF}
		{BD1D83B3-D93A-4608-AD25-5E76017DC3C6} = {C82B4DB8-F8BC-47B6-ACEF-DF0A7F672454}
		{BC218273-7E68-4FA9-857A-C539995CB73D} = {C82B4DB8-F8BC-47B6-ACEF-DF0A7F672454}
		{2522C83B-8F38-44B4-A07D-59C53B384114} = {BC218273-7E68-4FA9-857A-C539995CB73D}
		{409EB11D-2491-48A6-92C7-9C15ADBC2DFD} = {BC218273-7E68-4FA9-857A-C539995CB73D}
		{81D3F9D0-11F7-4C15-A2DC-E562182D18FF} = {C82B4DB8-F8BC-47B6-ACEF-DF0A7F672454}
		{BCF53A00-9864-4504-A76A-590345FCB394} = {C82B4DB8-F8BC-47B6-ACEF-DF0A7F672454}
		{96AAEAED-6F59-41C3-8F67-61CA97AF2E97} = {BCF53A00-9864-4504-A76A-590345FCB394}
		{1A385D89-0EE5-4264-8DE2-D74515101089} = {BCF53A00-9864-4504-A76A-590345FCB394}
		{3E4005CE-D07C-4861-AA87-49FEF335CA28} = {C82B4DB8-F8BC-47B6-ACEF-DF0A7F672454}
		{A4379A39-2CE1-4DA5-9C10-D9AE07A8477B} = {C82B4DB8-F8BC-47B6-ACEF-DF0A7F672454}
		{1101336B-888D-47A7-87A1-16C441335EF5} = {C82B4DB8-F8BC-47B6-ACEF-DF0A7F672454}
		{49D3C74D-3702-4D4D-B63A-A485D4E7B412} = {C82B4DB8-F8BC-47B6-ACEF-DF0A7F672454}
	EndGlobalSection
EndGlobal
