
Microsoft Visual Studio Solution File, Format Version 12.00
# Visual Studio 2013
VisualStudioVersion = 12.0.40629.0
MinimumVisualStudioVersion = 10.0.40219.1
Project("{8BC9CEB8-8B4A-11D0-8D11-00A0C91BC942}") = "electron-dll-project", "electron-dll-project\electron-dll-project.vcxproj", "{114A8ABA-6FF9-4C4D-B070-99FFC153DC2D}"
	ProjectSection(ProjectDependencies) = postProject
		{FCA05400-6B72-4CDD-A30B-DB724229DD28} = {FCA05400-6B72-4CDD-A30B-DB724229DD28}
		{4149D437-98B9-4B97-8229-7A27F20E2064} = {4149D437-98B9-4B97-8229-7A27F20E2064}
		{02E74959-1E22-42BE-A8AE-1D5C1E0EDC7A} = {02E74959-1E22-42BE-A8AE-1D5C1E0EDC7A}
		{BB41CB60-242F-4691-8543-00141510F9FA} = {BB41CB60-242F-4691-8543-00141510F9FA}
		{0DBB6066-C4A2-4A27-9851-2C586869A7CF} = {0DBB6066-C4A2-4A27-9851-2C586869A7CF}
		{5CB20B71-5B65-483F-8872-944866E9670D} = {5CB20B71-5B65-483F-8872-944866E9670D}
		{0F0519FE-D4C8-44A9-8E44-944C16A2FA02} = {0F0519FE-D4C8-44A9-8E44-944C16A2FA02}
	EndProjectSection
EndProject
Project("{8BC9CEB8-8B4A-11D0-8D11-00A0C91BC942}") = "libcurl_curl", "..\third_party\libcurl_curl\libcurl_curl.vcxproj", "{0F0519FE-D4C8-44A9-8E44-944C16A2FA02}"
	ProjectSection(ProjectDependencies) = postProject
		{99CD851E-A280-42B5-8D6A-C4B52BBEF79E} = {99CD851E-A280-42B5-8D6A-C4B52BBEF79E}
		{6676CC2C-606C-4556-A41C-8D2A2EF8401D} = {6676CC2C-606C-4556-A41C-8D2A2EF8401D}
		{B68DD2D6-539F-417D-9BDE-7F67576A4B04} = {B68DD2D6-539F-417D-9BDE-7F67576A4B04}
	EndProjectSection
EndProject
Project("{8BC9CEB8-8B4A-11D0-8D11-00A0C91BC942}") = "libcrypto_openssl", "..\third_party\libcrypto_openssl\libcrypto_openssl.vcxproj", "{BB41CB60-242F-4691-8543-00141510F9FA}"
	ProjectSection(ProjectDependencies) = postProject
		{B68DD2D6-539F-417D-9BDE-7F67576A4B04} = {B68DD2D6-539F-417D-9BDE-7F67576A4B04}
	EndProjectSection
EndProject
Project("{8BC9CEB8-8B4A-11D0-8D11-00A0C91BC942}") = "libssl_openssl", "..\third_party\libssl_openssl\libssl_openssl.vcxproj", "{4149D437-98B9-4B97-8229-7A27F20E2064}"
	ProjectSection(ProjectDependencies) = postProject
		{B68DD2D6-539F-417D-9BDE-7F67576A4B04} = {B68DD2D6-539F-417D-9BDE-7F67576A4B04}
	EndProjectSection
EndProject
Project("{8BC9CEB8-8B4A-11D0-8D11-00A0C91BC942}") = "libcares_c-ares", "..\third_party\libcares_c-ares\libcares_c-ares.vcxproj", "{0DBB6066-C4A2-4A27-9851-2C586869A7CF}"
	ProjectSection(ProjectDependencies) = postProject
		{99CD851E-A280-42B5-8D6A-C4B52BBEF79E} = {99CD851E-A280-42B5-8D6A-C4B52BBEF79E}
	EndProjectSection
EndProject
Project("{8BC9CEB8-8B4A-11D0-8D11-00A0C91BC942}") = "zlib_zlib", "..\third_party\zlib_zlib\zlib_zlib.vcxproj", "{FCA05400-6B72-4CDD-A30B-DB724229DD28}"
	ProjectSection(ProjectDependencies) = postProject
		{6676CC2C-606C-4556-A41C-8D2A2EF8401D} = {6676CC2C-606C-4556-A41C-8D2A2EF8401D}
	EndProjectSection
EndProject
Project("{8BC9CEB8-8B4A-11D0-8D11-00A0C91BC942}") = "assistant", "..\third_party\assistant\assistant.vcxproj", "{0BABF827-88BF-4475-97AB-F2BD7622CA00}"
	ProjectSection(ProjectDependencies) = postProject
		{FCA05400-6B72-4CDD-A30B-DB724229DD28} = {FCA05400-6B72-4CDD-A30B-DB724229DD28}
		{4149D437-98B9-4B97-8229-7A27F20E2064} = {4149D437-98B9-4B97-8229-7A27F20E2064}
		{BB41CB60-242F-4691-8543-00141510F9FA} = {BB41CB60-242F-4691-8543-00141510F9FA}
		{0DBB6066-C4A2-4A27-9851-2C586869A7CF} = {0DBB6066-C4A2-4A27-9851-2C586869A7CF}
		{5CB20B71-5B65-483F-8872-944866E9670D} = {5CB20B71-5B65-483F-8872-944866E9670D}
		{0F0519FE-D4C8-44A9-8E44-944C16A2FA02} = {0F0519FE-D4C8-44A9-8E44-944C16A2FA02}
	EndProjectSection
EndProject
Project("{2150E333-8FDC-42A3-9474-1A3956D46DE8}") = "third_party", "third_party", "{C82B4DB8-F8BC-47B6-ACEF-DF0A7F672454}"
EndProject
Project("{8BC9CEB8-8B4A-11D0-8D11-00A0C91BC942}") = "httpbusiness", "..\third_party\httpbusiness\httpbusiness.vcxproj", "{BFFC2EAB-F42F-48AB-9644-0F0C610EB2F0}"
	ProjectSection(ProjectDependencies) = postProject
		{0BABF827-88BF-4475-97AB-F2BD7622CA00} = {0BABF827-88BF-4475-97AB-F2BD7622CA00}
	EndProjectSection
EndProject
Project("{2150E333-8FDC-42A3-9474-1A3956D46DE8}") = "test", "test", "{6354828F-FBF9-41D3-9D48-E5BA7956B441}"
EndProject
Project("{8BC9CEB8-8B4A-11D0-8D11-00A0C91BC942}") = "slice_download_demo", "..\test\slice_download_demo\slice_download_demo.vcxproj", "{6065E0B5-D29C-4E9D-897D-BA3248567813}"
	ProjectSection(ProjectDependencies) = postProject
		{FCA05400-6B72-4CDD-A30B-DB724229DD28} = {FCA05400-6B72-4CDD-A30B-DB724229DD28}
		{0BABF827-88BF-4475-97AB-F2BD7622CA00} = {0BABF827-88BF-4475-97AB-F2BD7622CA00}
		{4149D437-98B9-4B97-8229-7A27F20E2064} = {4149D437-98B9-4B97-8229-7A27F20E2064}
		{BB41CB60-242F-4691-8543-00141510F9FA} = {BB41CB60-242F-4691-8543-00141510F9FA}
		{0DBB6066-C4A2-4A27-9851-2C586869A7CF} = {0DBB6066-C4A2-4A27-9851-2C586869A7CF}
		{FC676967-5E5C-4F99-A1E9-65AE0D2B7148} = {FC676967-5E5C-4F99-A1E9-65AE0D2B7148}
		{5CB20B71-5B65-483F-8872-944866E9670D} = {5CB20B71-5B65-483F-8872-944866E9670D}
		{BFFC2EAB-F42F-48AB-9644-0F0C610EB2F0} = {BFFC2EAB-F42F-48AB-9644-0F0C610EB2F0}
		{0F0519FE-D4C8-44A9-8E44-944C16A2FA02} = {0F0519FE-D4C8-44A9-8E44-944C16A2FA02}
	EndProjectSection
EndProject
Project("{8BC9CEB8-8B4A-11D0-8D11-00A0C91BC942}") = "dll-test-demo", "..\test\dll-test-demo\dll-test-demo.vcxproj", "{9AC31EE2-B910-4142-9543-0C9D05E8205C}"
	ProjectSection(ProjectDependencies) = postProject
		{114A8ABA-6FF9-4C4D-B070-99FFC153DC2D} = {114A8ABA-6FF9-4C4D-B070-99FFC153DC2D}
	EndProjectSection
EndProject
Project("{8BC9CEB8-8B4A-11D0-8D11-00A0C91BC942}") = "googletest", "..\third_party\googletest\googletest.vcxproj", "{FC676967-5E5C-4F99-A1E9-65AE0D2B7148}"
EndProject
Project("{8BC9CEB8-8B4A-11D0-8D11-00A0C91BC942}") = "libuv-1.20.3", "..\third_party\libuv-1.20.3\libuv-1.20.3.vcxproj", "{5CB20B71-5B65-483F-8872-944866E9670D}"
EndProject
Project("{2150E333-8FDC-42A3-9474-1A3956D46DE8}") = "openssl", "openssl", "{0A72D481-0036-4E8A-818C-5869FC8EE346}"
EndProject
Project("{8BC9CEB8-8B4A-11D0-8D11-00A0C91BC942}") = "config_openssl_include", "..\third_party\config_openssl_include\config_openssl_include.vcxproj", "{B68DD2D6-539F-417D-9BDE-7F67576A4B04}"
EndProject
Project("{2150E333-8FDC-42A3-9474-1A3956D46DE8}") = "zlib", "zlib", "{2FE904D4-46A0-459A-8EAE-0D808822C2BF}"
EndProject
Project("{8BC9CEB8-8B4A-11D0-8D11-00A0C91BC942}") = "config_zlib_include", "..\third_party\config_zlib_include\config_zlib_include.vcxproj", "{6676CC2C-606C-4556-A41C-8D2A2EF8401D}"
EndProject
Project("{2150E333-8FDC-42A3-9474-1A3956D46DE8}") = "c-ares", "c-ares", "{811BE18B-9456-49AF-A175-24D8BA668E00}"
EndProject
Project("{8BC9CEB8-8B4A-11D0-8D11-00A0C91BC942}") = "config_c-ares_include", "..\third_party\config_c-ares_include\config_c-ares_include.vcxproj", "{99CD851E-A280-42B5-8D6A-C4B52BBEF79E}"
EndProject
Project("{8BC9CEB8-8B4A-11D0-8D11-00A0C91BC942}") = "lib_json_jsoncpp", "..\third_party\lib_json_jsoncpp\lib_json_jsoncpp.vcxproj", "{02E74959-1E22-42BE-A8AE-1D5C1E0EDC7A}"
EndProject
Project("{8BC9CEB8-8B4A-11D0-8D11-00A0C91BC942}") = "pugixml", "..\third_party\pugixml\pugixml.vcxproj", "{B4F9DDF2-7432-4383-B3FD-498FC3DDAF23}"
EndProject
Project("{8BC9CEB8-8B4A-11D0-8D11-00A0C91BC942}") = "pugixml_test", "..\test\pugixml_test\pugixml_test.vcxproj", "{B16BE5E9-16BA-48A0-9AC8-5EF79CAD14AC}"
EndProject
Project("{8BC9CEB8-8B4A-11D0-8D11-00A0C91BC942}") = "jsoncpp_test_demo", "..\test\jsoncpp_test_demo\jsoncpp_test_demo.vcxproj", "{3CC27E5A-358C-474A-8D2C-1D90641BF6AB}"
	ProjectSection(ProjectDependencies) = postProject
		{02E74959-1E22-42BE-A8AE-1D5C1E0EDC7A} = {02E74959-1E22-42BE-A8AE-1D5C1E0EDC7A}
	EndProjectSection
EndProject
Project("{8BC9CEB8-8B4A-11D0-8D11-00A0C91BC942}") = "assistant_httprequest_demo", "..\test\assistant_httprequest_demo\assistant_httprequest_demo.vcxproj", "{5C402EF1-CA3E-453E-AAE0-0A58A1830077}"
	ProjectSection(ProjectDependencies) = postProject
		{0BABF827-88BF-4475-97AB-F2BD7622CA00} = {0BABF827-88BF-4475-97AB-F2BD7622CA00}
	EndProjectSection
EndProject
Global
	GlobalSection(SolutionConfigurationPlatforms) = preSolution
		Debug|Win32 = Debug|Win32
		Debug|x64 = Debug|x64
		Release|Win32 = Release|Win32
		Release|x64 = Release|x64
	EndGlobalSection
	GlobalSection(ProjectConfigurationPlatforms) = postSolution
		{114A8ABA-6FF9-4C4D-B070-99FFC153DC2D}.Debug|Win32.ActiveCfg = Debug|Win32
		{114A8ABA-6FF9-4C4D-B070-99FFC153DC2D}.Debug|Win32.Build.0 = Debug|Win32
		{114A8ABA-6FF9-4C4D-B070-99FFC153DC2D}.Debug|x64.ActiveCfg = Debug|x64
		{114A8ABA-6FF9-4C4D-B070-99FFC153DC2D}.Debug|x64.Build.0 = Debug|x64
		{114A8ABA-6FF9-4C4D-B070-99FFC153DC2D}.Release|Win32.ActiveCfg = Release|Win32
		{114A8ABA-6FF9-4C4D-B070-99FFC153DC2D}.Release|Win32.Build.0 = Release|Win32
		{114A8ABA-6FF9-4C4D-B070-99FFC153DC2D}.Release|x64.ActiveCfg = Release|x64
		{114A8ABA-6FF9-4C4D-B070-99FFC153DC2D}.Release|x64.Build.0 = Release|x64
		{0F0519FE-D4C8-44A9-8E44-944C16A2FA02}.Debug|Win32.ActiveCfg = Debug|Win32
		{0F0519FE-D4C8-44A9-8E44-944C16A2FA02}.Debug|Win32.Build.0 = Debug|Win32
		{0F0519FE-D4C8-44A9-8E44-944C16A2FA02}.Debug|x64.ActiveCfg = Debug|x64
		{0F0519FE-D4C8-44A9-8E44-944C16A2FA02}.Debug|x64.Build.0 = Debug|x64
		{0F0519FE-D4C8-44A9-8E44-944C16A2FA02}.Release|Win32.ActiveCfg = Release|Win32
		{0F0519FE-D4C8-44A9-8E44-944C16A2FA02}.Release|Win32.Build.0 = Release|Win32
		{0F0519FE-D4C8-44A9-8E44-944C16A2FA02}.Release|x64.ActiveCfg = Release|x64
		{0F0519FE-D4C8-44A9-8E44-944C16A2FA02}.Release|x64.Build.0 = Release|x64
		{BB41CB60-242F-4691-8543-00141510F9FA}.Debug|Win32.ActiveCfg = Debug|Win32
		{BB41CB60-242F-4691-8543-00141510F9FA}.Debug|Win32.Build.0 = Debug|Win32
		{BB41CB60-242F-4691-8543-00141510F9FA}.Debug|x64.ActiveCfg = Debug|x64
		{BB41CB60-242F-4691-8543-00141510F9FA}.Debug|x64.Build.0 = Debug|x64
		{BB41CB60-242F-4691-8543-00141510F9FA}.Release|Win32.ActiveCfg = Release|Win32
		{BB41CB60-242F-4691-8543-00141510F9FA}.Release|Win32.Build.0 = Release|Win32
		{BB41CB60-242F-4691-8543-00141510F9FA}.Release|x64.ActiveCfg = Release|x64
		{BB41CB60-242F-4691-8543-00141510F9FA}.Release|x64.Build.0 = Release|x64
		{4149D437-98B9-4B97-8229-7A27F20E2064}.Debug|Win32.ActiveCfg = Debug|Win32
		{4149D437-98B9-4B97-8229-7A27F20E2064}.Debug|Win32.Build.0 = Debug|Win32
		{4149D437-98B9-4B97-8229-7A27F20E2064}.Debug|x64.ActiveCfg = Debug|x64
		{4149D437-98B9-4B97-8229-7A27F20E2064}.Debug|x64.Build.0 = Debug|x64
		{4149D437-98B9-4B97-8229-7A27F20E2064}.Release|Win32.ActiveCfg = Release|Win32
		{4149D437-98B9-4B97-8229-7A27F20E2064}.Release|Win32.Build.0 = Release|Win32
		{4149D437-98B9-4B97-8229-7A27F20E2064}.Release|x64.ActiveCfg = Release|x64
		{4149D437-98B9-4B97-8229-7A27F20E2064}.Release|x64.Build.0 = Release|x64
		{0DBB6066-C4A2-4A27-9851-2C586869A7CF}.Debug|Win32.ActiveCfg = Debug|Win32
		{0DBB6066-C4A2-4A27-9851-2C586869A7CF}.Debug|Win32.Build.0 = Debug|Win32
		{0DBB6066-C4A2-4A27-9851-2C586869A7CF}.Debug|x64.ActiveCfg = Debug|x64
		{0DBB6066-C4A2-4A27-9851-2C586869A7CF}.Debug|x64.Build.0 = Debug|x64
		{0DBB6066-C4A2-4A27-9851-2C586869A7CF}.Release|Win32.ActiveCfg = Release|Win32
		{0DBB6066-C4A2-4A27-9851-2C586869A7CF}.Release|Win32.Build.0 = Release|Win32
		{0DBB6066-C4A2-4A27-9851-2C586869A7CF}.Release|x64.ActiveCfg = Release|x64
		{0DBB6066-C4A2-4A27-9851-2C586869A7CF}.Release|x64.Build.0 = Release|x64
		{FCA05400-6B72-4CDD-A30B-DB724229DD28}.Debug|Win32.ActiveCfg = Debug|Win32
		{FCA05400-6B72-4CDD-A30B-DB724229DD28}.Debug|Win32.Build.0 = Debug|Win32
		{FCA05400-6B72-4CDD-A30B-DB724229DD28}.Debug|x64.ActiveCfg = Debug|x64
		{FCA05400-6B72-4CDD-A30B-DB724229DD28}.Debug|x64.Build.0 = Debug|x64
		{FCA05400-6B72-4CDD-A30B-DB724229DD28}.Release|Win32.ActiveCfg = Release|Win32
		{FCA05400-6B72-4CDD-A30B-DB724229DD28}.Release|Win32.Build.0 = Release|Win32
		{FCA05400-6B72-4CDD-A30B-DB724229DD28}.Release|x64.ActiveCfg = Release|x64
		{FCA05400-6B72-4CDD-A30B-DB724229DD28}.Release|x64.Build.0 = Release|x64
		{0BABF827-88BF-4475-97AB-F2BD7622CA00}.Debug|Win32.ActiveCfg = Debug|Win32
		{0BABF827-88BF-4475-97AB-F2BD7622CA00}.Debug|Win32.Build.0 = Debug|Win32
		{0BABF827-88BF-4475-97AB-F2BD7622CA00}.Debug|x64.ActiveCfg = Debug|x64
		{0BABF827-88BF-4475-97AB-F2BD7622CA00}.Debug|x64.Build.0 = Debug|x64
		{0BABF827-88BF-4475-97AB-F2BD7622CA00}.Release|Win32.ActiveCfg = Release|Win32
		{0BABF827-88BF-4475-97AB-F2BD7622CA00}.Release|Win32.Build.0 = Release|Win32
		{0BABF827-88BF-4475-97AB-F2BD7622CA00}.Release|x64.ActiveCfg = Release|x64
		{0BABF827-88BF-4475-97AB-F2BD7622CA00}.Release|x64.Build.0 = Release|x64
		{BFFC2EAB-F42F-48AB-9644-0F0C610EB2F0}.Debug|Win32.ActiveCfg = Debug|Win32
		{BFFC2EAB-F42F-48AB-9644-0F0C610EB2F0}.Debug|Win32.Build.0 = Debug|Win32
		{BFFC2EAB-F42F-48AB-9644-0F0C610EB2F0}.Debug|x64.ActiveCfg = Debug|x64
		{BFFC2EAB-F42F-48AB-9644-0F0C610EB2F0}.Debug|x64.Build.0 = Debug|x64
		{BFFC2EAB-F42F-48AB-9644-0F0C610EB2F0}.Release|Win32.ActiveCfg = Release|Win32
		{BFFC2EAB-F42F-48AB-9644-0F0C610EB2F0}.Release|Win32.Build.0 = Release|Win32
		{BFFC2EAB-F42F-48AB-9644-0F0C610EB2F0}.Release|x64.ActiveCfg = Release|x64
		{BFFC2EAB-F42F-48AB-9644-0F0C610EB2F0}.Release|x64.Build.0 = Release|x64
		{6065E0B5-D29C-4E9D-897D-BA3248567813}.Debug|Win32.ActiveCfg = Debug|Win32
		{6065E0B5-D29C-4E9D-897D-BA3248567813}.Debug|Win32.Build.0 = Debug|Win32
		{6065E0B5-D29C-4E9D-897D-BA3248567813}.Debug|x64.ActiveCfg = Debug|x64
		{6065E0B5-D29C-4E9D-897D-BA3248567813}.Debug|x64.Build.0 = Debug|x64
		{6065E0B5-D29C-4E9D-897D-BA3248567813}.Release|Win32.ActiveCfg = Release|Win32
		{6065E0B5-D29C-4E9D-897D-BA3248567813}.Release|Win32.Build.0 = Release|Win32
		{6065E0B5-D29C-4E9D-897D-BA3248567813}.Release|x64.ActiveCfg = Release|x64
		{6065E0B5-D29C-4E9D-897D-BA3248567813}.Release|x64.Build.0 = Release|x64
		{9AC31EE2-B910-4142-9543-0C9D05E8205C}.Debug|Win32.ActiveCfg = Debug|Win32
		{9AC31EE2-B910-4142-9543-0C9D05E8205C}.Debug|Win32.Build.0 = Debug|Win32
		{9AC31EE2-B910-4142-9543-0C9D05E8205C}.Debug|x64.ActiveCfg = Debug|x64
		{9AC31EE2-B910-4142-9543-0C9D05E8205C}.Debug|x64.Build.0 = Debug|x64
		{9AC31EE2-B910-4142-9543-0C9D05E8205C}.Release|Win32.ActiveCfg = Release|Win32
		{9AC31EE2-B910-4142-9543-0C9D05E8205C}.Release|Win32.Build.0 = Release|Win32
		{9AC31EE2-B910-4142-9543-0C9D05E8205C}.Release|x64.ActiveCfg = Release|x64
		{9AC31EE2-B910-4142-9543-0C9D05E8205C}.Release|x64.Build.0 = Release|x64
		{FC676967-5E5C-4F99-A1E9-65AE0D2B7148}.Debug|Win32.ActiveCfg = Debug|Win32
		{FC676967-5E5C-4F99-A1E9-65AE0D2B7148}.Debug|Win32.Build.0 = Debug|Win32
		{FC676967-5E5C-4F99-A1E9-65AE0D2B7148}.Debug|x64.ActiveCfg = Debug|x64
		{FC676967-5E5C-4F99-A1E9-65AE0D2B7148}.Debug|x64.Build.0 = Debug|x64
		{FC676967-5E5C-4F99-A1E9-65AE0D2B7148}.Release|Win32.ActiveCfg = Release|Win32
		{FC676967-5E5C-4F99-A1E9-65AE0D2B7148}.Release|Win32.Build.0 = Release|Win32
		{FC676967-5E5C-4F99-A1E9-65AE0D2B7148}.Release|x64.ActiveCfg = Release|x64
		{FC676967-5E5C-4F99-A1E9-65AE0D2B7148}.Release|x64.Build.0 = Release|x64
		{5CB20B71-5B65-483F-8872-944866E9670D}.Debug|Win32.ActiveCfg = Debug|Win32
		{5CB20B71-5B65-483F-8872-944866E9670D}.Debug|Win32.Build.0 = Debug|Win32
		{5CB20B71-5B65-483F-8872-944866E9670D}.Debug|x64.ActiveCfg = Debug|x64
		{5CB20B71-5B65-483F-8872-944866E9670D}.Debug|x64.Build.0 = Debug|x64
		{5CB20B71-5B65-483F-8872-944866E9670D}.Release|Win32.ActiveCfg = Release|Win32
		{5CB20B71-5B65-483F-8872-944866E9670D}.Release|Win32.Build.0 = Release|Win32
		{5CB20B71-5B65-483F-8872-944866E9670D}.Release|x64.ActiveCfg = Release|x64
		{5CB20B71-5B65-483F-8872-944866E9670D}.Release|x64.Build.0 = Release|x64
		{B68DD2D6-539F-417D-9BDE-7F67576A4B04}.Debug|Win32.ActiveCfg = Debug|Win32
		{B68DD2D6-539F-417D-9BDE-7F67576A4B04}.Debug|Win32.Build.0 = Debug|Win32
		{B68DD2D6-539F-417D-9BDE-7F67576A4B04}.Debug|x64.ActiveCfg = Debug|x64
		{B68DD2D6-539F-417D-9BDE-7F67576A4B04}.Debug|x64.Build.0 = Debug|x64
		{B68DD2D6-539F-417D-9BDE-7F67576A4B04}.Release|Win32.ActiveCfg = Release|Win32
		{B68DD2D6-539F-417D-9BDE-7F67576A4B04}.Release|Win32.Build.0 = Release|Win32
		{B68DD2D6-539F-417D-9BDE-7F67576A4B04}.Release|x64.ActiveCfg = Release|x64
		{B68DD2D6-539F-417D-9BDE-7F67576A4B04}.Release|x64.Build.0 = Release|x64
		{6676CC2C-606C-4556-A41C-8D2A2EF8401D}.Debug|Win32.ActiveCfg = Debug|Win32
		{6676CC2C-606C-4556-A41C-8D2A2EF8401D}.Debug|Win32.Build.0 = Debug|Win32
		{6676CC2C-606C-4556-A41C-8D2A2EF8401D}.Debug|x64.ActiveCfg = Debug|x64
		{6676CC2C-606C-4556-A41C-8D2A2EF8401D}.Debug|x64.Build.0 = Debug|x64
		{6676CC2C-606C-4556-A41C-8D2A2EF8401D}.Release|Win32.ActiveCfg = Release|Win32
		{6676CC2C-606C-4556-A41C-8D2A2EF8401D}.Release|Win32.Build.0 = Release|Win32
		{6676CC2C-606C-4556-A41C-8D2A2EF8401D}.Release|x64.ActiveCfg = Release|x64
		{6676CC2C-606C-4556-A41C-8D2A2EF8401D}.Release|x64.Build.0 = Release|x64
		{99CD851E-A280-42B5-8D6A-C4B52BBEF79E}.Debug|Win32.ActiveCfg = Debug|Win32
		{99CD851E-A280-42B5-8D6A-C4B52BBEF79E}.Debug|Win32.Build.0 = Debug|Win32
		{99CD851E-A280-42B5-8D6A-C4B52BBEF79E}.Debug|x64.ActiveCfg = Debug|x64
		{99CD851E-A280-42B5-8D6A-C4B52BBEF79E}.Debug|x64.Build.0 = Debug|x64
		{99CD851E-A280-42B5-8D6A-C4B52BBEF79E}.Release|Win32.ActiveCfg = Release|Win32
		{99CD851E-A280-42B5-8D6A-C4B52BBEF79E}.Release|Win32.Build.0 = Release|Win32
		{99CD851E-A280-42B5-8D6A-C4B52BBEF79E}.Release|x64.ActiveCfg = Release|x64
		{99CD851E-A280-42B5-8D6A-C4B52BBEF79E}.Release|x64.Build.0 = Release|x64
		{02E74959-1E22-42BE-A8AE-1D5C1E0EDC7A}.Debug|Win32.ActiveCfg = Debug|Win32
		{02E74959-1E22-42BE-A8AE-1D5C1E0EDC7A}.Debug|Win32.Build.0 = Debug|Win32
		{02E74959-1E22-42BE-A8AE-1D5C1E0EDC7A}.Debug|x64.ActiveCfg = Debug|x64
		{02E74959-1E22-42BE-A8AE-1D5C1E0EDC7A}.Debug|x64.Build.0 = Debug|x64
		{02E74959-1E22-42BE-A8AE-1D5C1E0EDC7A}.Release|Win32.ActiveCfg = Release|Win32
		{02E74959-1E22-42BE-A8AE-1D5C1E0EDC7A}.Release|Win32.Build.0 = Release|Win32
		{02E74959-1E22-42BE-A8AE-1D5C1E0EDC7A}.Release|x64.ActiveCfg = Release|x64
		{02E74959-1E22-42BE-A8AE-1D5C1E0EDC7A}.Release|x64.Build.0 = Release|x64
		{B4F9DDF2-7432-4383-B3FD-498FC3DDAF23}.Debug|Win32.ActiveCfg = Debug|Win32
		{B4F9DDF2-7432-4383-B3FD-498FC3DDAF23}.Debug|Win32.Build.0 = Debug|Win32
		{B4F9DDF2-7432-4383-B3FD-498FC3DDAF23}.Debug|x64.ActiveCfg = Debug|x64
		{B4F9DDF2-7432-4383-B3FD-498FC3DDAF23}.Debug|x64.Build.0 = Debug|x64
		{B4F9DDF2-7432-4383-B3FD-498FC3DDAF23}.Release|Win32.ActiveCfg = Release|Win32
		{B4F9DDF2-7432-4383-B3FD-498FC3DDAF23}.Release|Win32.Build.0 = Release|Win32
		{B4F9DDF2-7432-4383-B3FD-498FC3DDAF23}.Release|x64.ActiveCfg = Release|x64
		{B4F9DDF2-7432-4383-B3FD-498FC3DDAF23}.Release|x64.Build.0 = Release|x64
		{B16BE5E9-16BA-48A0-9AC8-5EF79CAD14AC}.Debug|Win32.ActiveCfg = Debug|Win32
		{B16BE5E9-16BA-48A0-9AC8-5EF79CAD14AC}.Debug|Win32.Build.0 = Debug|Win32
		{B16BE5E9-16BA-48A0-9AC8-5EF79CAD14AC}.Debug|x64.ActiveCfg = Debug|x64
		{B16BE5E9-16BA-48A0-9AC8-5EF79CAD14AC}.Debug|x64.Build.0 = Debug|x64
		{B16BE5E9-16BA-48A0-9AC8-5EF79CAD14AC}.Release|Win32.ActiveCfg = Release|Win32
		{B16BE5E9-16BA-48A0-9AC8-5EF79CAD14AC}.Release|Win32.Build.0 = Release|Win32
		{B16BE5E9-16BA-48A0-9AC8-5EF79CAD14AC}.Release|x64.ActiveCfg = Release|x64
		{B16BE5E9-16BA-48A0-9AC8-5EF79CAD14AC}.Release|x64.Build.0 = Release|x64
		{3CC27E5A-358C-474A-8D2C-1D90641BF6AB}.Debug|Win32.ActiveCfg = Debug|Win32
		{3CC27E5A-358C-474A-8D2C-1D90641BF6AB}.Debug|Win32.Build.0 = Debug|Win32
		{3CC27E5A-358C-474A-8D2C-1D90641BF6AB}.Debug|x64.ActiveCfg = Debug|x64
		{3CC27E5A-358C-474A-8D2C-1D90641BF6AB}.Debug|x64.Build.0 = Debug|x64
		{3CC27E5A-358C-474A-8D2C-1D90641BF6AB}.Release|Win32.ActiveCfg = Release|Win32
		{3CC27E5A-358C-474A-8D2C-1D90641BF6AB}.Release|Win32.Build.0 = Release|Win32
		{3CC27E5A-358C-474A-8D2C-1D90641BF6AB}.Release|x64.ActiveCfg = Release|x64
		{3CC27E5A-358C-474A-8D2C-1D90641BF6AB}.Release|x64.Build.0 = Release|x64
		{5C402EF1-CA3E-453E-AAE0-0A58A1830077}.Debug|Win32.ActiveCfg = Debug|Win32
		{5C402EF1-CA3E-453E-AAE0-0A58A1830077}.Debug|Win32.Build.0 = Debug|Win32
		{5C402EF1-CA3E-453E-AAE0-0A58A1830077}.Debug|x64.ActiveCfg = Debug|x64
		{5C402EF1-CA3E-453E-AAE0-0A58A1830077}.Debug|x64.Build.0 = Debug|x64
		{5C402EF1-CA3E-453E-AAE0-0A58A1830077}.Release|Win32.ActiveCfg = Release|Win32
		{5C402EF1-CA3E-453E-AAE0-0A58A1830077}.Release|Win32.Build.0 = Release|Win32
		{5C402EF1-CA3E-453E-AAE0-0A58A1830077}.Release|x64.ActiveCfg = Release|x64
		{5C402EF1-CA3E-453E-AAE0-0A58A1830077}.Release|x64.Build.0 = Release|x64
	EndGlobalSection
	GlobalSection(SolutionProperties) = preSolution
		HideSolutionNode = FALSE
	EndGlobalSection
	GlobalSection(NestedProjects) = preSolution
		{0F0519FE-D4C8-44A9-8E44-944C16A2FA02} = {C82B4DB8-F8BC-47B6-ACEF-DF0A7F672454}
		{BB41CB60-242F-4691-8543-00141510F9FA} = {0A72D481-0036-4E8A-818C-5869FC8EE346}
		{4149D437-98B9-4B97-8229-7A27F20E2064} = {0A72D481-0036-4E8A-818C-5869FC8EE346}
		{0DBB6066-C4A2-4A27-9851-2C586869A7CF} = {811BE18B-9456-49AF-A175-24D8BA668E00}
		{FCA05400-6B72-4CDD-A30B-DB724229DD28} = {2FE904D4-46A0-459A-8EAE-0D808822C2BF}
		{0BABF827-88BF-4475-97AB-F2BD7622CA00} = {C82B4DB8-F8BC-47B6-ACEF-DF0A7F672454}
		{BFFC2EAB-F42F-48AB-9644-0F0C610EB2F0} = {C82B4DB8-F8BC-47B6-ACEF-DF0A7F672454}
		{6065E0B5-D29C-4E9D-897D-BA3248567813} = {6354828F-FBF9-41D3-9D48-E5BA7956B441}
		{9AC31EE2-B910-4142-9543-0C9D05E8205C} = {6354828F-FBF9-41D3-9D48-E5BA7956B441}
		{FC676967-5E5C-4F99-A1E9-65AE0D2B7148} = {C82B4DB8-F8BC-47B6-ACEF-DF0A7F672454}
		{5CB20B71-5B65-483F-8872-944866E9670D} = {C82B4DB8-F8BC-47B6-ACEF-DF0A7F672454}
		{0A72D481-0036-4E8A-818C-5869FC8EE346} = {C82B4DB8-F8BC-47B6-ACEF-DF0A7F672454}
		{B68DD2D6-539F-417D-9BDE-7F67576A4B04} = {0A72D481-0036-4E8A-818C-5869FC8EE346}
		{2FE904D4-46A0-459A-8EAE-0D808822C2BF} = {C82B4DB8-F8BC-47B6-ACEF-DF0A7F672454}
		{6676CC2C-606C-4556-A41C-8D2A2EF8401D} = {2FE904D4-46A0-459A-8EAE-0D808822C2BF}
		{811BE18B-9456-49AF-A175-24D8BA668E00} = {C82B4DB8-F8BC-47B6-ACEF-DF0A7F672454}
		{99CD851E-A280-42B5-8D6A-C4B52BBEF79E} = {811BE18B-9456-49AF-A175-24D8BA668E00}
		{02E74959-1E22-42BE-A8AE-1D5C1E0EDC7A} = {C82B4DB8-F8BC-47B6-ACEF-DF0A7F672454}
		{B4F9DDF2-7432-4383-B3FD-498FC3DDAF23} = {C82B4DB8-F8BC-47B6-ACEF-DF0A7F672454}
		{B16BE5E9-16BA-48A0-9AC8-5EF79CAD14AC} = {6354828F-FBF9-41D3-9D48-E5BA7956B441}
		{3CC27E5A-358C-474A-8D2C-1D90641BF6AB} = {6354828F-FBF9-41D3-9D48-E5BA7956B441}
		{5C402EF1-CA3E-453E-AAE0-0A58A1830077} = {6354828F-FBF9-41D3-9D48-E5BA7956B441}
	EndGlobalSection
EndGlobal
