
Microsoft Visual Studio Solution File, Format Version 12.00
# Visual Studio 2013
VisualStudioVersion = 12.0.40629.0
MinimumVisualStudioVersion = 10.0.40219.1
Project("{8BC9CEB8-8B4A-11D0-8D11-00A0C91BC942}") = "electron-dll-project", "electron-dll-project\electron-dll-project.vcxproj", "{114A8ABA-6FF9-4C4D-B070-99FFC153DC2D}"
	ProjectSection(ProjectDependencies) = postProject
		{18CCB722-ECB4-433F-9AAD-E0CB79A89DA1} = {18CCB722-ECB4-433F-9AAD-E0CB79A89DA1}
		{0F0519FE-D4C8-44A9-8E44-944C16A2FA02} = {0F0519FE-D4C8-44A9-8E44-944C16A2FA02}
	EndProjectSection
EndProject
Project("{8BC9CEB8-8B4A-11D0-8D11-00A0C91BC942}") = "libuv-1.13.1", "..\third_party\libuv-1.13.1\libuv-1.13.1.vcxproj", "{18CCB722-ECB4-433F-9AAD-E0CB79A89DA1}"
EndProject
Project("{8BC9CEB8-8B4A-11D0-8D11-00A0C91BC942}") = "libcurl_curl-7.65.3", "..\third_party\libcurl_curl-7.65.3\libcurl_curl-7.65.3.vcxproj", "{0F0519FE-D4C8-44A9-8E44-944C16A2FA02}"
	ProjectSection(ProjectDependencies) = postProject
		{FCA05400-6B72-4CDD-A30B-DB724229DD28} = {FCA05400-6B72-4CDD-A30B-DB724229DD28}
		{4149D437-98B9-4B97-8229-7A27F20E2064} = {4149D437-98B9-4B97-8229-7A27F20E2064}
		{BB41CB60-242F-4691-8543-00141510F9FA} = {BB41CB60-242F-4691-8543-00141510F9FA}
		{0DBB6066-C4A2-4A27-9851-2C586869A7CF} = {0DBB6066-C4A2-4A27-9851-2C586869A7CF}
	EndProjectSection
EndProject
Project("{8BC9CEB8-8B4A-11D0-8D11-00A0C91BC942}") = "libcrypto_openssl-1.1.1c", "..\third_party\libcrypto_openssl-1.1.1c\libcrypto_openssl-1.1.1c.vcxproj", "{BB41CB60-242F-4691-8543-00141510F9FA}"
	ProjectSection(ProjectDependencies) = postProject
		{4149D437-98B9-4B97-8229-7A27F20E2064} = {4149D437-98B9-4B97-8229-7A27F20E2064}
	EndProjectSection
EndProject
Project("{8BC9CEB8-8B4A-11D0-8D11-00A0C91BC942}") = "libssl_openssl-1.1.1c", "..\third_party\libssl_openssl-1.1.1c\libssl_openssl-1.1.1c.vcxproj", "{4149D437-98B9-4B97-8229-7A27F20E2064}"
EndProject
Project("{8BC9CEB8-8B4A-11D0-8D11-00A0C91BC942}") = "libcares_c-ares-1.15.0", "..\third_party\libcares_c-ares-1.15.0\libcares_c-ares-1.15.0.vcxproj", "{0DBB6066-C4A2-4A27-9851-2C586869A7CF}"
EndProject
Project("{8BC9CEB8-8B4A-11D0-8D11-00A0C91BC942}") = "zlib-1.2.11", "..\third_party\zlib-1.2.11\zlib-1.2.11.vcxproj", "{FCA05400-6B72-4CDD-A30B-DB724229DD28}"
EndProject
Project("{8BC9CEB8-8B4A-11D0-8D11-00A0C91BC942}") = "assistant", "..\third_party\assistant\assistant.vcxproj", "{0BABF827-88BF-4475-97AB-F2BD7622CA00}"
EndProject
Project("{2150E333-8FDC-42A3-9474-1A3956D46DE8}") = "third_party", "third_party", "{C82B4DB8-F8BC-47B6-ACEF-DF0A7F672454}"
EndProject
Project("{8BC9CEB8-8B4A-11D0-8D11-00A0C91BC942}") = "httpbusiness", "..\third_party\httpbusiness\httpbusiness.vcxproj", "{BFFC2EAB-F42F-48AB-9644-0F0C610EB2F0}"
EndProject
Project("{2150E333-8FDC-42A3-9474-1A3956D46DE8}") = "test", "test", "{6354828F-FBF9-41D3-9D48-E5BA7956B441}"
EndProject
Project("{8BC9CEB8-8B4A-11D0-8D11-00A0C91BC942}") = "slice_download_demo", "..\test\slice_download_demo\slice_download_demo.vcxproj", "{6065E0B5-D29C-4E9D-897D-BA3248567813}"
	ProjectSection(ProjectDependencies) = postProject
		{18CCB722-ECB4-433F-9AAD-E0CB79A89DA1} = {18CCB722-ECB4-433F-9AAD-E0CB79A89DA1}
		{0F0519FE-D4C8-44A9-8E44-944C16A2FA02} = {0F0519FE-D4C8-44A9-8E44-944C16A2FA02}
	EndProjectSection
EndProject
Global
	GlobalSection(SolutionConfigurationPlatforms) = preSolution
		Debug|Mixed Platforms = Debug|Mixed Platforms
		Debug|Win32 = Debug|Win32
		Debug|x64 = Debug|x64
		Release|Mixed Platforms = Release|Mixed Platforms
		Release|Win32 = Release|Win32
		Release|x64 = Release|x64
	EndGlobalSection
	GlobalSection(ProjectConfigurationPlatforms) = postSolution
		{114A8ABA-6FF9-4C4D-B070-99FFC153DC2D}.Debug|Mixed Platforms.ActiveCfg = Debug|Win32
		{114A8ABA-6FF9-4C4D-B070-99FFC153DC2D}.Debug|Mixed Platforms.Build.0 = Debug|Win32
		{114A8ABA-6FF9-4C4D-B070-99FFC153DC2D}.Debug|Win32.ActiveCfg = Debug|Win32
		{114A8ABA-6FF9-4C4D-B070-99FFC153DC2D}.Debug|Win32.Build.0 = Debug|Win32
		{114A8ABA-6FF9-4C4D-B070-99FFC153DC2D}.Debug|x64.ActiveCfg = Debug|Win32
		{114A8ABA-6FF9-4C4D-B070-99FFC153DC2D}.Release|Mixed Platforms.ActiveCfg = Release|Win32
		{114A8ABA-6FF9-4C4D-B070-99FFC153DC2D}.Release|Mixed Platforms.Build.0 = Release|Win32
		{114A8ABA-6FF9-4C4D-B070-99FFC153DC2D}.Release|Win32.ActiveCfg = Release|Win32
		{114A8ABA-6FF9-4C4D-B070-99FFC153DC2D}.Release|Win32.Build.0 = Release|Win32
		{114A8ABA-6FF9-4C4D-B070-99FFC153DC2D}.Release|x64.ActiveCfg = Release|x64
		{114A8ABA-6FF9-4C4D-B070-99FFC153DC2D}.Release|x64.Build.0 = Release|x64
		{18CCB722-ECB4-433F-9AAD-E0CB79A89DA1}.Debug|Mixed Platforms.ActiveCfg = Debug|Win32
		{18CCB722-ECB4-433F-9AAD-E0CB79A89DA1}.Debug|Mixed Platforms.Build.0 = Debug|Win32
		{18CCB722-ECB4-433F-9AAD-E0CB79A89DA1}.Debug|Win32.ActiveCfg = Debug|Win32
		{18CCB722-ECB4-433F-9AAD-E0CB79A89DA1}.Debug|Win32.Build.0 = Debug|Win32
		{18CCB722-ECB4-433F-9AAD-E0CB79A89DA1}.Debug|x64.ActiveCfg = Debug|x64
		{18CCB722-ECB4-433F-9AAD-E0CB79A89DA1}.Debug|x64.Build.0 = Debug|x64
		{18CCB722-ECB4-433F-9AAD-E0CB79A89DA1}.Release|Mixed Platforms.ActiveCfg = Release|Win32
		{18CCB722-ECB4-433F-9AAD-E0CB79A89DA1}.Release|Mixed Platforms.Build.0 = Release|Win32
		{18CCB722-ECB4-433F-9AAD-E0CB79A89DA1}.Release|Win32.ActiveCfg = Release|Win32
		{18CCB722-ECB4-433F-9AAD-E0CB79A89DA1}.Release|Win32.Build.0 = Release|Win32
		{18CCB722-ECB4-433F-9AAD-E0CB79A89DA1}.Release|x64.ActiveCfg = Release|x64
		{18CCB722-ECB4-433F-9AAD-E0CB79A89DA1}.Release|x64.Build.0 = Release|x64
		{0F0519FE-D4C8-44A9-8E44-944C16A2FA02}.Debug|Mixed Platforms.ActiveCfg = Debug|Win32
		{0F0519FE-D4C8-44A9-8E44-944C16A2FA02}.Debug|Mixed Platforms.Build.0 = Debug|Win32
		{0F0519FE-D4C8-44A9-8E44-944C16A2FA02}.Debug|Win32.ActiveCfg = Debug|Win32
		{0F0519FE-D4C8-44A9-8E44-944C16A2FA02}.Debug|Win32.Build.0 = Debug|Win32
		{0F0519FE-D4C8-44A9-8E44-944C16A2FA02}.Debug|x64.ActiveCfg = Debug|x64
		{0F0519FE-D4C8-44A9-8E44-944C16A2FA02}.Debug|x64.Build.0 = Debug|x64
		{0F0519FE-D4C8-44A9-8E44-944C16A2FA02}.Release|Mixed Platforms.ActiveCfg = Release|Win32
		{0F0519FE-D4C8-44A9-8E44-944C16A2FA02}.Release|Mixed Platforms.Build.0 = Release|Win32
		{0F0519FE-D4C8-44A9-8E44-944C16A2FA02}.Release|Win32.ActiveCfg = Release|Win32
		{0F0519FE-D4C8-44A9-8E44-944C16A2FA02}.Release|Win32.Build.0 = Release|Win32
		{0F0519FE-D4C8-44A9-8E44-944C16A2FA02}.Release|x64.ActiveCfg = Release|x64
		{0F0519FE-D4C8-44A9-8E44-944C16A2FA02}.Release|x64.Build.0 = Release|x64
		{BB41CB60-242F-4691-8543-00141510F9FA}.Debug|Mixed Platforms.ActiveCfg = Debug|Win32
		{BB41CB60-242F-4691-8543-00141510F9FA}.Debug|Mixed Platforms.Build.0 = Debug|Win32
		{BB41CB60-242F-4691-8543-00141510F9FA}.Debug|Win32.ActiveCfg = Debug|Win32
		{BB41CB60-242F-4691-8543-00141510F9FA}.Debug|Win32.Build.0 = Debug|Win32
		{BB41CB60-242F-4691-8543-00141510F9FA}.Debug|x64.ActiveCfg = Debug|x64
		{BB41CB60-242F-4691-8543-00141510F9FA}.Debug|x64.Build.0 = Debug|x64
		{BB41CB60-242F-4691-8543-00141510F9FA}.Release|Mixed Platforms.ActiveCfg = Release|Win32
		{BB41CB60-242F-4691-8543-00141510F9FA}.Release|Mixed Platforms.Build.0 = Release|Win32
		{BB41CB60-242F-4691-8543-00141510F9FA}.Release|Win32.ActiveCfg = Release|Win32
		{BB41CB60-242F-4691-8543-00141510F9FA}.Release|Win32.Build.0 = Release|Win32
		{BB41CB60-242F-4691-8543-00141510F9FA}.Release|x64.ActiveCfg = Release|x64
		{BB41CB60-242F-4691-8543-00141510F9FA}.Release|x64.Build.0 = Release|x64
		{4149D437-98B9-4B97-8229-7A27F20E2064}.Debug|Mixed Platforms.ActiveCfg = Debug|Win32
		{4149D437-98B9-4B97-8229-7A27F20E2064}.Debug|Mixed Platforms.Build.0 = Debug|Win32
		{4149D437-98B9-4B97-8229-7A27F20E2064}.Debug|Win32.ActiveCfg = Debug|Win32
		{4149D437-98B9-4B97-8229-7A27F20E2064}.Debug|Win32.Build.0 = Debug|Win32
		{4149D437-98B9-4B97-8229-7A27F20E2064}.Debug|x64.ActiveCfg = Debug|x64
		{4149D437-98B9-4B97-8229-7A27F20E2064}.Debug|x64.Build.0 = Debug|x64
		{4149D437-98B9-4B97-8229-7A27F20E2064}.Release|Mixed Platforms.ActiveCfg = Release|Win32
		{4149D437-98B9-4B97-8229-7A27F20E2064}.Release|Mixed Platforms.Build.0 = Release|Win32
		{4149D437-98B9-4B97-8229-7A27F20E2064}.Release|Win32.ActiveCfg = Release|Win32
		{4149D437-98B9-4B97-8229-7A27F20E2064}.Release|Win32.Build.0 = Release|Win32
		{4149D437-98B9-4B97-8229-7A27F20E2064}.Release|x64.ActiveCfg = Release|x64
		{4149D437-98B9-4B97-8229-7A27F20E2064}.Release|x64.Build.0 = Release|x64
		{0DBB6066-C4A2-4A27-9851-2C586869A7CF}.Debug|Mixed Platforms.ActiveCfg = Debug|Win32
		{0DBB6066-C4A2-4A27-9851-2C586869A7CF}.Debug|Mixed Platforms.Build.0 = Debug|Win32
		{0DBB6066-C4A2-4A27-9851-2C586869A7CF}.Debug|Win32.ActiveCfg = Debug|Win32
		{0DBB6066-C4A2-4A27-9851-2C586869A7CF}.Debug|Win32.Build.0 = Debug|Win32
		{0DBB6066-C4A2-4A27-9851-2C586869A7CF}.Debug|x64.ActiveCfg = Debug|x64
		{0DBB6066-C4A2-4A27-9851-2C586869A7CF}.Debug|x64.Build.0 = Debug|x64
		{0DBB6066-C4A2-4A27-9851-2C586869A7CF}.Release|Mixed Platforms.ActiveCfg = Release|Win32
		{0DBB6066-C4A2-4A27-9851-2C586869A7CF}.Release|Mixed Platforms.Build.0 = Release|Win32
		{0DBB6066-C4A2-4A27-9851-2C586869A7CF}.Release|Win32.ActiveCfg = Release|Win32
		{0DBB6066-C4A2-4A27-9851-2C586869A7CF}.Release|Win32.Build.0 = Release|Win32
		{0DBB6066-C4A2-4A27-9851-2C586869A7CF}.Release|x64.ActiveCfg = Release|x64
		{0DBB6066-C4A2-4A27-9851-2C586869A7CF}.Release|x64.Build.0 = Release|x64
		{FCA05400-6B72-4CDD-A30B-DB724229DD28}.Debug|Mixed Platforms.ActiveCfg = Debug|Win32
		{FCA05400-6B72-4CDD-A30B-DB724229DD28}.Debug|Mixed Platforms.Build.0 = Debug|Win32
		{FCA05400-6B72-4CDD-A30B-DB724229DD28}.Debug|Win32.ActiveCfg = Debug|Win32
		{FCA05400-6B72-4CDD-A30B-DB724229DD28}.Debug|Win32.Build.0 = Debug|Win32
		{FCA05400-6B72-4CDD-A30B-DB724229DD28}.Debug|x64.ActiveCfg = Debug|x64
		{FCA05400-6B72-4CDD-A30B-DB724229DD28}.Debug|x64.Build.0 = Debug|x64
		{FCA05400-6B72-4CDD-A30B-DB724229DD28}.Release|Mixed Platforms.ActiveCfg = Release|Win32
		{FCA05400-6B72-4CDD-A30B-DB724229DD28}.Release|Mixed Platforms.Build.0 = Release|Win32
		{FCA05400-6B72-4CDD-A30B-DB724229DD28}.Release|Win32.ActiveCfg = Release|Win32
		{FCA05400-6B72-4CDD-A30B-DB724229DD28}.Release|Win32.Build.0 = Release|Win32
		{FCA05400-6B72-4CDD-A30B-DB724229DD28}.Release|x64.ActiveCfg = Release|x64
		{FCA05400-6B72-4CDD-A30B-DB724229DD28}.Release|x64.Build.0 = Release|x64
		{0BABF827-88BF-4475-97AB-F2BD7622CA00}.Debug|Mixed Platforms.ActiveCfg = Debug|Win32
		{0BABF827-88BF-4475-97AB-F2BD7622CA00}.Debug|Mixed Platforms.Build.0 = Debug|Win32
		{0BABF827-88BF-4475-97AB-F2BD7622CA00}.Debug|Win32.ActiveCfg = Debug|Win32
		{0BABF827-88BF-4475-97AB-F2BD7622CA00}.Debug|Win32.Build.0 = Debug|Win32
		{0BABF827-88BF-4475-97AB-F2BD7622CA00}.Debug|x64.ActiveCfg = Debug|x64
		{0BABF827-88BF-4475-97AB-F2BD7622CA00}.Debug|x64.Build.0 = Debug|x64
		{0BABF827-88BF-4475-97AB-F2BD7622CA00}.Release|Mixed Platforms.ActiveCfg = Release|Win32
		{0BABF827-88BF-4475-97AB-F2BD7622CA00}.Release|Mixed Platforms.Build.0 = Release|Win32
		{0BABF827-88BF-4475-97AB-F2BD7622CA00}.Release|Win32.ActiveCfg = Release|Win32
		{0BABF827-88BF-4475-97AB-F2BD7622CA00}.Release|Win32.Build.0 = Release|Win32
		{0BABF827-88BF-4475-97AB-F2BD7622CA00}.Release|x64.ActiveCfg = Release|x64
		{0BABF827-88BF-4475-97AB-F2BD7622CA00}.Release|x64.Build.0 = Release|x64
		{BFFC2EAB-F42F-48AB-9644-0F0C610EB2F0}.Debug|Mixed Platforms.ActiveCfg = Debug|Win32
		{BFFC2EAB-F42F-48AB-9644-0F0C610EB2F0}.Debug|Mixed Platforms.Build.0 = Debug|Win32
		{BFFC2EAB-F42F-48AB-9644-0F0C610EB2F0}.Debug|Win32.ActiveCfg = Debug|Win32
		{BFFC2EAB-F42F-48AB-9644-0F0C610EB2F0}.Debug|Win32.Build.0 = Debug|Win32
		{BFFC2EAB-F42F-48AB-9644-0F0C610EB2F0}.Debug|x64.ActiveCfg = Debug|x64
		{BFFC2EAB-F42F-48AB-9644-0F0C610EB2F0}.Debug|x64.Build.0 = Debug|x64
		{BFFC2EAB-F42F-48AB-9644-0F0C610EB2F0}.Release|Mixed Platforms.ActiveCfg = Release|Win32
		{BFFC2EAB-F42F-48AB-9644-0F0C610EB2F0}.Release|Mixed Platforms.Build.0 = Release|Win32
		{BFFC2EAB-F42F-48AB-9644-0F0C610EB2F0}.Release|Win32.ActiveCfg = Release|Win32
		{BFFC2EAB-F42F-48AB-9644-0F0C610EB2F0}.Release|Win32.Build.0 = Release|Win32
		{BFFC2EAB-F42F-48AB-9644-0F0C610EB2F0}.Release|x64.ActiveCfg = Release|x64
		{BFFC2EAB-F42F-48AB-9644-0F0C610EB2F0}.Release|x64.Build.0 = Release|x64
		{6065E0B5-D29C-4E9D-897D-BA3248567813}.Debug|Mixed Platforms.ActiveCfg = Debug|Win32
		{6065E0B5-D29C-4E9D-897D-BA3248567813}.Debug|Mixed Platforms.Build.0 = Debug|Win32
		{6065E0B5-D29C-4E9D-897D-BA3248567813}.Debug|Win32.ActiveCfg = Debug|Win32
		{6065E0B5-D29C-4E9D-897D-BA3248567813}.Debug|Win32.Build.0 = Debug|Win32
		{6065E0B5-D29C-4E9D-897D-BA3248567813}.Debug|x64.ActiveCfg = Debug|x64
		{6065E0B5-D29C-4E9D-897D-BA3248567813}.Debug|x64.Build.0 = Debug|x64
		{6065E0B5-D29C-4E9D-897D-BA3248567813}.Release|Mixed Platforms.ActiveCfg = Release|Win32
		{6065E0B5-D29C-4E9D-897D-BA3248567813}.Release|Mixed Platforms.Build.0 = Release|Win32
		{6065E0B5-D29C-4E9D-897D-BA3248567813}.Release|Win32.ActiveCfg = Release|Win32
		{6065E0B5-D29C-4E9D-897D-BA3248567813}.Release|Win32.Build.0 = Release|Win32
		{6065E0B5-D29C-4E9D-897D-BA3248567813}.Release|x64.ActiveCfg = Release|x64
		{6065E0B5-D29C-4E9D-897D-BA3248567813}.Release|x64.Build.0 = Release|x64
	EndGlobalSection
	GlobalSection(SolutionProperties) = preSolution
		HideSolutionNode = FALSE
	EndGlobalSection
	GlobalSection(NestedProjects) = preSolution
		{18CCB722-ECB4-433F-9AAD-E0CB79A89DA1} = {C82B4DB8-F8BC-47B6-ACEF-DF0A7F672454}
		{0F0519FE-D4C8-44A9-8E44-944C16A2FA02} = {C82B4DB8-F8BC-47B6-ACEF-DF0A7F672454}
		{BB41CB60-242F-4691-8543-00141510F9FA} = {C82B4DB8-F8BC-47B6-ACEF-DF0A7F672454}
		{4149D437-98B9-4B97-8229-7A27F20E2064} = {C82B4DB8-F8BC-47B6-ACEF-DF0A7F672454}
		{0DBB6066-C4A2-4A27-9851-2C586869A7CF} = {C82B4DB8-F8BC-47B6-ACEF-DF0A7F672454}
		{FCA05400-6B72-4CDD-A30B-DB724229DD28} = {C82B4DB8-F8BC-47B6-ACEF-DF0A7F672454}
		{0BABF827-88BF-4475-97AB-F2BD7622CA00} = {C82B4DB8-F8BC-47B6-ACEF-DF0A7F672454}
		{BFFC2EAB-F42F-48AB-9644-0F0C610EB2F0} = {C82B4DB8-F8BC-47B6-ACEF-DF0A7F672454}
		{6065E0B5-D29C-4E9D-897D-BA3248567813} = {6354828F-FBF9-41D3-9D48-E5BA7956B441}
	EndGlobalSection
EndGlobal
