<?xml version="1.0" encoding="utf-8"?>
<Project ToolsVersion="4.0" xmlns="http://schemas.microsoft.com/developer/msbuild/2003">
  <ItemGroup>
    <Filter Include="Source Files">
      <UniqueIdentifier>{4FC737F1-C7A5-4376-A066-2A32D752A2FF}</UniqueIdentifier>
      <Extensions>cpp;c;cc;cxx;def;odl;idl;hpj;bat;asm;asmx</Extensions>
    </Filter>
    <Filter Include="Header Files">
      <UniqueIdentifier>{93995380-89BD-4b04-88EB-625FBE52EBFB}</UniqueIdentifier>
      <Extensions>h;hh;hpp;hxx;hm;inl;inc;xsd</Extensions>
    </Filter>
    <Filter Include="Resource Files">
      <UniqueIdentifier>{67DA6AB6-F800-4c08-8B7A-83BB121AAD01}</UniqueIdentifier>
      <Extensions>rc;ico;cur;bmp;dlg;rc2;rct;bin;rgs;gif;jpg;jpeg;jpe;resx;tiff;tif;png;wav;mfcribbon-ms</Extensions>
    </Filter>
    <Filter Include="Source Files\src">
      <UniqueIdentifier>{9603be91-9068-43ff-a406-9c21fe581762}</UniqueIdentifier>
    </Filter>
    <Filter Include="Source Files\src\cloud189">
      <UniqueIdentifier>{221d9840-f1e3-4a85-aa80-529b10a3e390}</UniqueIdentifier>
    </Filter>
    <Filter Include="Source Files\src\cloud189\apis">
      <UniqueIdentifier>{5bf61b53-c64e-49b7-9b88-4eddd1915052}</UniqueIdentifier>
    </Filter>
    <Filter Include="Source Files\src\cloud189\session_helper">
      <UniqueIdentifier>{dabcaadd-7468-445a-b475-189854c1fd08}</UniqueIdentifier>
    </Filter>
    <Filter Include="Source Files\src\cloud189\restful">
      <UniqueIdentifier>{31f8ab11-f1f7-40ea-b9c8-60e11b0adfec}</UniqueIdentifier>
    </Filter>
    <Filter Include="Source Files\src\cloud189\error_code">
      <UniqueIdentifier>{2464f789-1779-438c-8d35-4d11167a46bd}</UniqueIdentifier>
    </Filter>
  </ItemGroup>
  <ItemGroup>
    <ClCompile Include="..\..\..\..\test\test_cloud_189\test_cloud_189.cpp">
      <Filter>Source Files</Filter>
    </ClCompile>
    <ClCompile Include="..\..\..\..\test\test_cloud_189\test_session_helper.cpp">
      <Filter>Source Files</Filter>
    </ClCompile>
    <ClCompile Include="..\..\..\..\test\test_cloud_189\test_upload_file_encode_decode.cpp">
      <Filter>Source Files</Filter>
    </ClCompile>
    <ClCompile Include="..\..\..\..\src\cloud189\apis\comfirm_upload_file_complete.cpp">
      <Filter>Source Files\src\cloud189\apis</Filter>
    </ClCompile>
    <ClCompile Include="..\..\..\..\src\cloud189\apis\create_upload_file.cpp">
      <Filter>Source Files\src\cloud189\apis</Filter>
    </ClCompile>
    <ClCompile Include="..\..\..\..\src\cloud189\apis\get_upload_status.cpp">
      <Filter>Source Files\src\cloud189\apis</Filter>
    </ClCompile>
    <ClCompile Include="..\..\..\..\src\cloud189\apis\upload_file_data.cpp">
      <Filter>Source Files\src\cloud189\apis</Filter>
    </ClCompile>
    <ClCompile Include="..\..\..\..\src\cloud189\session_helper\session_helper.cpp">
      <Filter>Source Files\src\cloud189\session_helper</Filter>
    </ClCompile>
    <ClCompile Include="..\..\..\..\test\test_cloud_189\test_restful_uploader.cpp">
      <Filter>Source Files</Filter>
    </ClCompile>
    <ClCompile Include="..\..\..\..\src\cloud189\restful\cloud189_uploader.cpp">
      <Filter>Source Files\src\cloud189\restful</Filter>
    </ClCompile>
    <ClCompile Include="..\..\..\..\src\cloud189\error_code\nderror.cpp">
      <Filter>Source Files\src\cloud189\error_code</Filter>
    </ClCompile>
    <ClCompile Include="..\..\..\..\src\cloud189\apis\commit_slice_upload_file.cpp">
      <Filter>Source Files\src\cloud189\apis</Filter>
    </ClCompile>
    <ClCompile Include="..\..\..\..\src\cloud189\apis\create_slice_upload_file.cpp">
      <Filter>Source Files\src\cloud189\apis</Filter>
    </ClCompile>
    <ClCompile Include="..\..\..\..\src\cloud189\apis\get_slice_upload_status.cpp">
      <Filter>Source Files\src\cloud189\apis</Filter>
    </ClCompile>
    <ClCompile Include="..\..\..\..\src\cloud189\apis\upload_slice_data.cpp">
      <Filter>Source Files\src\cloud189\apis</Filter>
    </ClCompile>
    <ClCompile Include="..\..\..\..\src\cloud189\restful\cloud189_slice_uploader.cpp">
      <Filter>Source Files\src\cloud189\restful</Filter>
    </ClCompile>
  </ItemGroup>
</Project>